version = 1
revision = 3
requires-python = ">=3.14"

[[package]]
name = "click"
version = "8.5.0"
source = { registry = "https://pypi.org/simple" }
sdist = { url = "https://files.pythonhosted.org/packages/c7/0e/7fa0ef50764b67090eca4114772a2abf8b6148198475e54c660b97caeee6/click-8.5.0.tar.gz", hash = "sha256:ba0d2089de75ea0310e2dde03160e6ca10009947fb95a182f9b54021bb272e34", size = 382235, upload-time = "2026-08-26T13:33:14.56Z" }
wheels = [
    { url = "https://files.pythonhosted.org/packages/58/50/6c0d534c5f134586a8e1ba4e330569e32f057e33372ae556463212fb4cd3/click-8.5.0-py3-none-any.whl", hash = "sha256:255bc9599cf7748b4b1a446ccc735421bd08a2ae529a8b88597d3de5664ee360", size = 125251, upload-time = "2026-08-26T13:33:12.928Z" },
]

[[package]]
name = "colorama"
version = "0.4.6"
source = { registry = "https://pypi.org/simple" }
sdist = { url = "https://files.pythonhosted.org/packages/d8/53/6f443c9a4a8358a93a6792e2acffb9d9d5cb0a5cfd8802644b7b1c9a02e4/colorama-0.4.6.tar.gz", hash = "sha256:08695f5cb7ed6e0531a20572697297273c47b8cae5a63ffc6d6ed5c201be6e44", size = 27697, upload-time = "2022-10-25T02:36:22.414Z" }
wheels = [
    { url = "https://files.pythonhosted.org/packages/d1/d6/3965ed04c63042e047cb6a3e6ed1a63a35087b6a609aa3a15ed8ac56c221/colorama-0.4.6-py2.py3-none-any.whl", hash = "sha256:4f1d9991f5acc0ca119f9d443620b77f9d6b33703e51011c16baf57afb285fc6", size = 25335, upload-time = "2022-10-25T02:36:20.889Z" },
]

[[package]]
name = "grimp"
version = "3.16"
source = { registry = "https://pypi.org/simple" }
sdist = { url = "https://files.pythonhosted.org/packages/d3/35/895a446f53c47702f2c5fc0b4374e18a0e997a49cbdad9a044c1cef0b357/grimp-3.16.tar.gz", hash = "sha256:1aba8e6946ec9b05b466bfc52ecdc73c364f425ec196b13e495316b915fcf10e", size = 831930, upload-time = "2026-08-28T11:41:00.963Z" }
wheels = [
    { url = "https://files.pythonhosted.org/packages/bf/b1/676a33dee3897841d741028feae79930586ebbf092d9fc2c7942844a47f9/grimp-3.16-cp314-cp314-manylinux_2_17_aarch64.manylinux2014_aarch64.whl", hash = "sha256:826ba2eacb67ba50f32ea2e8ec3c5503dca9a6159165a0b3e725f9a816eaff0f", size = 2259778, upload-time = "2026-08-28T11:38:34.608Z" },
    { url = "https://files.pythonhosted.org/packages/3d/83/042e97731f2e374bdbc64b40cf08910fafabc63904ade03e4d66dadf298f/grimp-3.16-cp314-cp314-manylinux_2_17_armv7l.manylinux2014_armv7l.whl", hash = "sha256:38c148df96ef17f36521e45539eb3baa958098dc54e00fc901aba83e0d976429", size = 2206517, upload-time = "2026-08-28T11:38:46.218Z" },
    { url = "https://files.pythonhosted.org/packages/72/72/e8daaf975629c5ac16ee49c5d8a486d4492c74121124d2e88ca2dea8041f/grimp-3.16-cp314-cp314-manylinux_2_17_i686.manylinux2014_i686.whl", hash = "sha256:6b94363624bd1e4959b5dfad67bbc20d80c1c62c4cd086ef0c268736995b3597", size = 2351283, upload-time = "2026-08-28T11:39:22.53Z" },
    { url = "https://files.pythonhosted.org/packages/cb/b8/a152cb8ac1da8af7bdc88c0a8bc8fe2615ca3aa17a2b4a1ab3514d298cd1/grimp-3.16-cp314-cp314-manylinux_2_17_ppc64le.manylinux2014_ppc64le.whl", hash = "sha256:5ec352053e1ef7040d027821bc023dc01ee6137871178de14df3ea815fa614ea", size = 2608660, upload-time = "2026-08-28T11:38:58.432Z" },
    { url = "https://files.pythonhosted.org/packages/51/4e/60cfb19a6b2daa80c7d49bfa4bae512d2ebbbdfe2d43e6045f11a7dbe9a7/grimp-3.16-cp314-cp314-manylinux_2_17_s390x.manylinux2014_s390x.whl", hash = "sha256:4c5bfd01ebdd98c9f73eb1434161ae325d30e3c77d8f2d8c0b2dfa5ff6bab242", size = 2329729, upload-time = "2026-08-28T11:39:10.61Z" },
    { url = "https://files.pythonhosted.org/packages/6d/8d/82273065ca0621e3a32b2c2abf508fb56ba738622d727172f99bb7dc2a17/grimp-3.16-cp314-cp314-manylinux_2_17_x86_64.manylinux2014_x86_64.whl", hash = "sha256:9af1b76629f1f0b5cbb03f2ec02a7983767ef149344f7babe2be0eeaeb37b46c", size = 2268037, upload-time = "2026-08-28T11:39:38.818Z" },
    { url = "https://files.pythonhosted.org/packages/7d/e5/406064a105392f42d8f8bde9686dfcb87dc0d334c831bf7c4a675a4b09d8/grimp-3.16-cp314-cp314-musllinux_1_2_aarch64.whl", hash = "sha256:ee715b5c31d56248d488c33d24a188ae135f6dcda685cd89937f9bf9d3314219", size = 2435713, upload-time = "2026-08-28T11:40:17.35Z" },
    { url = "https://files.pythonhosted.org/packages/ec/f5/430736f15960341125f83f3892cbd51bc7452633fcb2b5979e65d4b72c7d/grimp-3.16-cp314-cp314-musllinux_1_2_armv7l.whl", hash = "sha256:77ebbac18bc5af688ad6379d46c2f62b16396df33bbc69f644c3806d4b40c76d", size = 2481004, upload-time = "2026-08-28T11:40:29.95Z" },
    { url = "https://files.pythonhosted.org/packages/11/c1/1ab480673ab77c698975a296a30d2ff7f6d1c0c594e3e56c1218e4c6d4d3/grimp-3.16-cp314-cp314-musllinux_1_2_i686.whl", hash = "sha256:908c98d7e773e4136af48a0e0e6f8f392f43bd44a4ff21b4bc4d64acfe4ebde9", size = 2509684, upload-time = "2026-08-28T11:40:42.465Z" },
    { url = "https://files.pythonhosted.org/packages/88/b3/781855a0771ffbb599115e97b98568137748b890512518b267c52f5cb827/grimp-3.16-cp314-cp314-musllinux_1_2_x86_64.whl", hash = "sha256:f08537994d2aace1fa51d9b5a50bbf5e13982fede528caf5b692931a795f28d9", size = 2522081, upload-time = "2026-08-28T11:40:55.827Z" },
    { url = "https://files.pythonhosted.org/packages/07/32/d3f17ffb29a82bfb99c6e3c230ea759f52205bfba1da5fea445ae5e42d76/grimp-3.16-cp314-cp314-win32.whl", hash = "sha256:d8d96a234f5d3a22cd78d4857b786fc16a9310157ca600dddbed2cd4d36be9f9", size = 1856509, upload-time = "2026-08-28T11:41:38.245Z" },
    { url = "https://files.pythonhosted.org/packages/de/9b/71516c091fdfefa6b2a2f729925ab34ef6524df36b343bc79ce213b583cb/grimp-3.16-cp314-cp314-win_amd64.whl", hash = "sha256:5d5e7709132fd0e553014e8fa621316c432558e6b0dc2043cc02928b6d4941ae", size = 1983395, upload-time = "2026-08-28T11:41:22.632Z" },
    { url = "https://files.pythonhosted.org/packages/4a/ce/196f4204cc0645ef8e0f1e23a6549cdfce4523a274b11b7c21b75e848bac/grimp-3.16-cp314-cp314-win_arm64.whl", hash = "sha256:4810c0ce5117d611c17dff5bece8924b45bd5884047f093eb22e0168828506e5", size = 1906404, upload-time = "2026-08-28T11:41:07.983Z" },
    { url = "https://files.pythonhosted.org/packages/ca/d2/e7893c3cbc92f7e5e5a7bc24c1951f0f6f50866d32f9ef76b159743515d9/grimp-3.16-cp314-cp314t-macosx_10_12_x86_64.whl", hash = "sha256:7cd3c3470caae7631e2bc1906b8334dcbd2a23b099ef013dad72de751bd02b61", size = 2129134, upload-time = "2026-08-28T11:40:05.397Z" },
    { url = "https://files.pythonhosted.org/packages/0c/3a/24b1a4992757a445f1c8e70510d1ee6f2f96e45e6303001d8ff2fc26affe/grimp-3.16-cp314-cp314t-macosx_11_0_arm64.whl", hash = "sha256:6bcba87bbd7cc800b86745bb15cc12f159e90c14a332263020376c45c8dfff98", size = 2077088, upload-time = "2026-08-28T11:39:54.572Z" },
    { url = "https://files.pythonhosted.org/packages/3b/e6/b04ffa6c2bd6fe38f3832d58bf1bf832dc8f6b0f6235f79db33c4230fb7c/grimp-3.16-cp314-cp314t-manylinux_2_17_aarch64.manylinux2014_aarch64.whl", hash = "sha256:7249a2b566836932c65e52931202aac3281a4aa5463e383b90bc3320a90f9c86", size = 2258760, upload-time = "2026-08-28T11:38:36.364Z" },
    { url = "https://files.pythonhosted.org/packages/39/96/4e9b142051c5d076f44ea97754cc30e0ad1e799024b9d939d5fee005bdbd/grimp-3.16-cp314-cp314t-manylinux_2_17_armv7l.manylinux2014_armv7l.whl", hash = "sha256:cfc0b5623e014b045cb563484c40468ae964b7cfdddac57134a04712032e570d", size = 2204820, upload-time = "2026-08-28T11:38:48.036Z" },
    { url = "https://files.pythonhosted.org/packages/4c/ce/01d9ca30d4c57380daec9fdbf0ca98e60b0f3ab272c33e1bef26fcd92051/grimp-3.16-cp314-cp314t-manylinux_2_17_i686.manylinux2014_i686.whl", hash = "sha256:c910491b8b49b38f9313edd8620da08b2c8cc12395faefda9e65338e28d2ec3c", size = 2349438, upload-time = "2026-08-28T11:39:24.356Z" },
    { url = "https://files.pythonhosted.org/packages/01/42/490cbbef13412c3b268da2a2b9c95d88017719e5a353694b7f39190a03ee/grimp-3.16-cp314-cp314t-manylinux_2_17_ppc64le.manylinux2014_ppc64le.whl", hash = "sha256:acd3e88a1ef7fecf59bca6e3d872a193c317acb22342d641fb205bf1f8eb722d", size = 2610540, upload-time = "2026-08-28T11:39:00.27Z" },
    { url = "https://files.pythonhosted.org/packages/e8/1d/67eaa5610f9389b60f6b7bfdc60074f5e551f8db06db2b5bf14f0dfa24a5/grimp-3.16-cp314-cp314t-manylinux_2_17_s390x.manylinux2014_s390x.whl", hash = "sha256:9a59c245015fbe0ec5c100d643d7590f15c2fcf85d027c2795e3cbd4b3f81f2f", size = 2328945, upload-time = "2026-08-28T11:39:12.183Z" },
    { url = "https://files.pythonhosted.org/packages/bd/48/8bff5f976ad5bb57170698464616ee3e0e1716bff2d80021ad9b739ba4a2/grimp-3.16-cp314-cp314t-manylinux_2_17_x86_64.manylinux2014_x86_64.whl", hash = "sha256:0877cfa68d12e30a2c49172a60bed6f91bb1e7a8514a685554278fb60cf39fe4", size = 2267989, upload-time = "2026-08-28T11:39:40.725Z" },
    { url = "https://files.pythonhosted.org/packages/e4/99/06e1462bf2f16818fef3e589c4d2f161ad76146c43b3ddac9eaadea21b95/grimp-3.16-cp314-cp314t-musllinux_1_2_aarch64.whl", hash = "sha256:4ebf29413261ef5cce2241cc2cfc0e49db4390fee42c81ed24c5b49ba2ebe97a", size = 2437313, upload-time = "2026-08-28T11:40:19.13Z" },
    { url = "https://files.pythonhosted.org/packages/a0/6f/b6119143c4892d270f61a6caa6ca270df07c3ba4393c89ae8d38bb180a69/grimp-3.16-cp314-cp314t-musllinux_1_2_armv7l.whl", hash = "sha256:0dc257478122442d5c48c4b13853b6345d0f42f5ec1b97195385701a6c0e43a9", size = 2477933, upload-time = "2026-08-28T11:40:31.771Z" },
    { url = "https://files.pythonhosted.org/packages/4f/5c/b7f78ccf10f1d3031a14167803933d6c7be748f93a7ca017e45d0e4e0f28/grimp-3.16-cp314-cp314t-musllinux_1_2_i686.whl", hash = "sha256:969634d0d24ab7e634fb3aaeba47e06d8386a945652ce48fb14d8129ee0ee41d", size = 2507543, upload-time = "2026-08-28T11:40:44.447Z" },
    { url = "https://files.pythonhosted.org/packages/51/c6/112cfe6fa33137db15b120d9328b38e179d00573cce19d4eb68979f588a9/grimp-3.16-cp314-cp314t-musllinux_1_2_x86_64.whl", hash = "sha256:be12564e56b236440ae81f76a1ff7c945c41a2f14b00c150f8d0239f090b6c0a", size = 2521645, upload-time = "2026-08-28T11:40:57.571Z" },
    { url = "https://files.pythonhosted.org/packages/31/9c/cab716aa63f6ce2302334bffa371820c8c5fa20bd068c47470872cb661b4/grimp-3.16-cp314-cp314t-win32.whl", hash = "sha256:23a8a3d95f03428ada95188de5e22538647304b5393985f46a58c2982d58c48e", size = 1854274, upload-time = "2026-08-28T11:41:40.127Z" },
    { url = "https://files.pythonhosted.org/packages/16/4f/b60f10c5110c5903219af76fd39b10b318e0fad265d76083bc16828e6a5d/grimp-3.16-cp314-cp314t-win_amd64.whl", hash = "sha256:9fb1677225506f273bbabdafb0e24ab25fdcf165138ced77e4d7489908755222", size = 1982384, upload-time = "2026-08-28T11:41:24.797Z" },
    { url = "https://files.pythonhosted.org/packages/10/e0/990bcfe005645a35af1039ef917cb7fe015fcbd2d7790ed7750784630ee8/grimp-3.16-cp314-cp314t-win_arm64.whl", hash = "sha256:91fccaaf93090bd1f1d787f611bc3d4d69db07e6eaa6d4cbe947c2cc3232a9c4", size = 1905443, upload-time = "2026-08-28T11:41:09.807Z" },
    { url = "https://files.pythonhosted.org/packages/be/8c/ca54ebd59e04a582fdc9318f947d33789c482e30218a151816ec3ffae225/grimp-3.16-cp315-cp315-manylinux_2_17_i686.manylinux2014_i686.whl", hash = "sha256:a910f0fda34f56cb16f2be4448ae3bd40fe720b865d7c3773145ba51606d5f0d", size = 2351407, upload-time = "2026-08-28T11:39:26.245Z" },
    { url = "https://files.pythonhosted.org/packages/b6/6d/32e085efdf5a397592caf6da6e75ed72329a921656531a17ba99bef13f60/grimp-3.16-cp315-cp315-manylinux_2_17_x86_64.manylinux2014_x86_64.whl", hash = "sha256:486a53676651e65b72643310e9fec88a598e577fa2f533bfed6e3884a1006792", size = 2268556, upload-time = "2026-08-28T11:39:42.365Z" },
    { url = "https://files.pythonhosted.org/packages/d1/6e/c14fd511171f01a9285cd0ff71ff264319da8dd94fd1efc7305164970192/grimp-3.16-cp315-cp315-win32.whl", hash = "sha256:49fbc38ee2ae83b3bf3edc526a7710ae38cfcc9793eebbc789648614e8c0f859", size = 1858242, upload-time = "2026-08-28T11:41:42.057Z" },
    { url = "https://files.pythonhosted.org/packages/49/71/23fd3292b67846ee4c0e5ab6ceab35953d23b52565000d9c7ae1d6cafc37/grimp-3.16-cp315-cp315-win_amd64.whl", hash = "sha256:71f8517c2e947d867854e6fc809f3ea1c52a2da1acb71ffb94d41c47a3db8682", size = 1983626, upload-time = "2026-08-28T11:41:26.788Z" },
    { url = "https://files.pythonhosted.org/packages/fe/2e/b2b39e466271adab6f4d37f0f27a36aff82a3389d709e36296cfcab2e0aa/grimp-3.16-cp315-cp315-win_arm64.whl", hash = "sha256:aaceeae65a24a1d7ee1bc7d3ea2dbc2efdc86a4978bb8ae22887e71d8e9c8dea", size = 1906704, upload-time = "2026-08-28T11:41:11.658Z" },
    { url = "https://files.pythonhosted.org/packages/ab/0e/2b03739fcb01a39b5bb7c30abc887b7665afd9433f8643fae33d96ad4db1/grimp-3.16-cp315-cp315t-macosx_10_12_x86_64.whl", hash = "sha256:01f5334c3c9a6cb919eacb286f4fd70ecf44c99d3158760d739de18f08007863", size = 2129421, upload-time = "2026-08-28T11:40:07.388Z" },
    { url = "https://files.pythonhosted.org/packages/f8/ce/8aea5a02a483993229796e7c69dbfe8225c4c8f39c6270a253edb7a04914/grimp-3.16-cp315-cp315t-macosx_11_0_arm64.whl", hash = "sha256:3be5711a014bcc80bf151271fb987fd7885a9c2c93e7426dcc977cf745196d38", size = 2077284, upload-time = "2026-08-28T11:39:56.265Z" },
    { url = "https://files.pythonhosted.org/packages/23/4c/9daa11c225abf1498d70d7eb0bcccd0879aeafa7d3eea7726981851225e2/grimp-3.16-cp315-cp315t-manylinux_2_17_i686.manylinux2014_i686.whl", hash = "sha256:1ab4218366192a9f1975a22d4d053d2d61d943bb092d117d0a5825391b8bae9a", size = 2350050, upload-time = "2026-08-28T11:39:28.046Z" },
    { url = "https://files.pythonhosted.org/packages/e4/c8/811468f8a39046d2f92096bf3b9aaf9b15e0d32792b51f5e296905547a64/grimp-3.16-cp315-cp315t-manylinux_2_17_x86_64.manylinux2014_x86_64.whl", hash = "sha256:caa6432baf432711d8816ece8137e4ad19dffb6f31dd09ffa08cbbc5cf1e07fd", size = 2268355, upload-time = "2026-08-28T11:39:44.13Z" },
    { url = "https://files.pythonhosted.org/packages/97/c8/10815103a73f8b078bbbcc1d9436d89c1d64955ade22ce0d339753f739a4/grimp-3.16-cp315-cp315t-win32.whl", hash = "sha256:73e198e65c51b71e62d253f4fa6b2fa422e1225d84d21e8b320b43c144057ba5", size = 1853678, upload-time = "2026-08-28T11:41:43.844Z" },
    { url = "https://files.pythonhosted.org/packages/20/b6/a91b08bb84ae845beef2bce91d3441adb453c80e57cc235469f5de3ec709/grimp-3.16-cp315-cp315t-win_amd64.whl", hash = "sha256:9cd98c050fb811bd8c0932a0c27a4eb8a865dd04bf524930e20419e169a6a8a6", size = 1982724, upload-time = "2026-08-28T11:41:28.519Z" },
    { url = "https://files.pythonhosted.org/packages/e8/28/01cb9c8d722e5eee92dec36269e04499131faecd1d11da37aca3ee59bf63/grimp-3.16-cp315-cp315t-win_arm64.whl", hash = "sha256:a93e6f3c5f7968c4b70de7dcfa66949ba524dc922ce21cef852437a65f2d11c8", size = 1905107, upload-time = "2026-08-28T11:41:13.547Z" },
]

[[package]]
name = "hexagon"
version = "0.1.0"
source = { editable = "." }

[package.optional-dependencies]
dev = [
    { name = "import-linter" },
    { name = "pytest" },
    { name = "pytest-asyncio" },
]

[package.metadata]
requires-dist = [
    { name = "import-linter", marker = "extra == 'dev'", specifier = ">=2.1" },
    { name = "pytest", marker = "extra == 'dev'", specifier = ">=8.0" },
    { name = "pytest-asyncio", marker = "extra == 'dev'", specifier = ">=0.24" },
]
provides-extras = ["dev"]

[[package]]
name = "import-linter"
version = "2.14"
source = { registry = "https://pypi.org/simple" }
dependencies = [
    { name = "click" },
    { name = "grimp" },
    { name = "rich" },
    { name = "typing-extensions" },
]
sdist = { url = "https://files.pythonhosted.org/packages/54/ee/709dfd34cd2729b6d2dfa1381fd3c1370e0e3e5d4ce7d0643fd8c12652c1/import_linter-2.14.tar.gz", hash = "sha256:8e6304d9a9ddfbd39f6ac990710d95aaf9ac71eb1ba81ac8ce53e1ef2f9773d3", size = 1283529, upload-time = "2026-08-28T11:28:36.511Z" }
wheels = [
    { url = "https://files.pythonhosted.org/packages/7c/f1/a9ef72a7ad4a49e77e4df579dd23e2bbf84f1b7da9087a744b086657929e/import_linter-2.14-py3-none-any.whl", hash = "sha256:0039771a991f9a309055ac6fa18340b0024d0bb88722f9dd2834f0d930a2224c", size = 639603, upload-time = "2026-08-28T11:28:35.091Z" },
]

[[package]]
name = "iniconfig"
version = "2.3.0"
source = { registry = "https://pypi.org/simple" }
sdist = { url = "https://files.pythonhosted.org/packages/72/34/14ca021ce8e5dfedc35312d08ba8bf51fdd999c576889fc2c24cb97f4f10/iniconfig-2.3.0.tar.gz", hash = "sha256:c76315c77db068650d49c5b56314774a7804df16fee4402c1f19d6d15d8c4730", size = 20503, upload-time = "2025-10-18T21:55:43.219Z" }
wheels = [
    { url = "https://files.pythonhosted.org/packages/cb/b1/3846dd7f199d53cb17f49cba7e651e9ce294d8497c8c150530ed11865bb8/iniconfig-2.3.0-py3-none-any.whl", hash = "sha256:f631c04d2c48c52b84d0d0549c99ff3859c98df65b3101406327ecc7d53fbf12", size = 7484, upload-time = "2025-10-18T21:55:41.639Z" },
]

[[package]]
name = "markdown-it-py"
version = "4.2.0"
source = { registry = "https://pypi.org/simple" }
dependencies = [
    { name = "mdurl" },
]
sdist = { url = "https://files.pythonhosted.org/packages/06/ff/7841249c247aa650a76b9ee4bbaeae59370dc8bfd2f6c01f3630c35eb134/markdown_it_py-4.2.0.tar.gz", hash = "sha256:04a21681d6fbb623de53f6f364d352309d4094dd4194040a10fd51833e418d49", size = 82454, upload-time = "2026-05-07T12:08:28.36Z" }
wheels = [
    { url = "https://files.pythonhosted.org/packages/b3/81/4da04ced5a082363ecfa159c010d200ecbd959ae410c10c0264a38cac0f5/markdown_it_py-4.2.0-py3-none-any.whl", hash = "sha256:9f7ebbcd14fe59494226453aed97c1070d83f8d24b6fc3a3bcf9a38092641c4a", size = 91687, upload-time = "2026-05-07T12:08:27.182Z" },
]

[[package]]
name = "mdurl"
version = "0.1.2"
source = { registry = "https://pypi.org/simple" }
sdist = { url = "https://files.pythonhosted.org/packages/d6/54/cfe61301667036ec958cb99bd3efefba235e65cdeb9c84d24a8293ba1d90/mdurl-0.1.2.tar.gz", hash = "sha256:bb413d29f5eea38f31dd4754dd7377d4465116fb207585f97bf925588687c1ba", size = 8729, upload-time = "2022-08-14T12:40:10.846Z" }
wheels = [
    { url = "https://files.pythonhosted.org/packages/b3/38/89ba8ad64ae25be8de66a6d463314cf1eb366222074cfda9ee839c56a4b4/mdurl-0.1.2-py3-none-any.whl", hash = "sha256:84008a41e51615a49fc9966191ff91509e3c40b939176e643fd50a5c2196b8f8", size = 9979, upload-time = "2022-08-14T12:40:09.779Z" },
]

[[package]]
name = "packaging"
version = "26.3"
source = { registry = "https://pypi.org/simple" }
sdist = { url = "https://files.pythonhosted.org/packages/7d/fa/3944b40b07da9ce895c0e6303a5ab7d53da063554f534556b134a54d6093/packaging-26.3.tar.gz", hash = "sha256:94edc256424af38762eb31306eed28beb9f0efc50a8837492c9d6fd6004aed79", size = 313412, upload-time = "2026-08-04T18:15:28.737Z" }
wheels = [
    { url = "https://files.pythonhosted.org/packages/63/34/ba1c580383c9eada3711951fef0795c80b829a078d72188184bcab9dd527/packaging-26.3-py3-none-any.whl", hash = "sha256:d7193f7c8e4e93f444fde0262bf90af30e16fa0ad0ad44cb553c87339b23cd1c", size = 129956, upload-time = "2026-08-04T18:15:27.159Z" },
]

[[package]]
name = "pluggy"
version = "1.6.0"
source = { registry = "https://pypi.org/simple" }
sdist = { url = "https://files.pythonhosted.org/packages/f9/e2/3e91f31a7d2b083fe6ef3fa267035b518369d9511ffab804f839851d2779/pluggy-1.6.0.tar.gz", hash = "sha256:7dcc130b76258d33b90f61b658791dede3486c3e6bfb003ee5c9bfb396dd22f3", size = 69412, upload-time = "2025-05-15T12:30:07.975Z" }
wheels = [
    { url = "https://files.pythonhosted.org/packages/54/20/4d324d65cc6d9205fabedc306948156824eb9f0ee1633355a8f7ec5c66bf/pluggy-1.6.0-py3-none-any.whl", hash = "sha256:e920276dd6813095e9377c0bc5566d94c932c33b27a3e3945d8389c374dd4746", size = 20538, upload-time = "2025-05-15T12:30:06.134Z" },
]

[[package]]
name = "pygments"
version = "2.21.0"
source = { registry = "https://pypi.org/simple" }
sdist = { url = "https://files.pythonhosted.org/packages/49/2e/ced460408999b33da6b31b0021b0f37d329e202d4169aeb164493778f25b/pygments-2.21.0.tar.gz", hash = "sha256:610ca751c9bc2492b38eb9a38a7fbc93edbbb2d7182edaf34e66ae493dee5c8c", size = 5005329, upload-time = "2026-08-17T08:02:48.824Z" }
wheels = [
    { url = "https://files.pythonhosted.org/packages/71/46/17f022dd3e953bf20a04a028a21ec746d942f8d2af30fa0f124fa0e6a684/pygments-2.21.0-py3-none-any.whl", hash = "sha256:2363c69b61c4a97c838da3b130dcd6468f4848992b21a82f2a63ec34377137d9", size = 1250147, upload-time = "2026-08-17T08:02:44.912Z" },
]

[[package]]
name = "pytest"
version = "9.1.1"
source = { registry = "https://pypi.org/simple" }
dependencies = [
    { name = "colorama", marker = "sys_platform == 'win32'" },
    { name = "iniconfig" },
    { name = "packaging" },
    { name = "pluggy" },
    { name = "pygments" },
]
sdist = { url = "https://files.pythonhosted.org/packages/e4/47/b9efed96c114afcfa3c9d3fe98a76a1d14c74a9e266d397cf6eb64be5e01/pytest-9.1.1.tar.gz", hash = "sha256:1088fbde8f2b49d95a549a195707afa7a76a3ce9bcadc26b6d71f0ffda5fe313", size = 1636369, upload-time = "2026-06-19T10:58:32.857Z" }
wheels = [
    { url = "https://files.pythonhosted.org/packages/24/25/1de2678b631f5a49215c6c96fff41ba892b0a34df68d6d80292b1b48aa7f/pytest-9.1.1-py3-none-any.whl", hash = "sha256:37a86b45efb9a47a61a36449063e8e18d0cab3161329fc099eb21783169c4f0c", size = 386536, upload-time = "2026-06-19T10:58:31.347Z" },
]

[[package]]
name = "pytest-asyncio"
version = "1.4.0"
source = { registry = "https://pypi.org/simple" }
dependencies = [
    { name = "pytest" },
]
sdist = { url = "https://files.pythonhosted.org/packages/43/7c/d36d04db312ecf4298932ef77e6e4a9e8ad017906e24e34f0b0c361a2473/pytest_asyncio-1.4.0.tar.gz", hash = "sha256:c6c0d2259945122819f171a32ecea2c349ead889ee28176caaf492143424be42", size = 58514, upload-time = "2026-05-26T09:56:04.083Z" }
wheels = [
    { url = "https://files.pythonhosted.org/packages/03/e2/08a497ef684b88559c9cc5f4ad53a37e7b99e727094a86d6ea32536d5d3c/pytest_asyncio-1.4.0-py3-none-any.whl", hash = "sha256:933ca923a23075a87fb7070c0ec272a6848489824d887c85c812670932835aa1", size = 16930, upload-time = "2026-05-26T09:56:02.576Z" },
]

[[package]]
name = "rich"
version = "15.0.0"
source = { registry = "https://pypi.org/simple" }
dependencies = [
    { name = "markdown-it-py" },
    { name = "pygments" },
]
sdist = { url = "https://files.pythonhosted.org/packages/c0/8f/0722ca900cc807c13a6a0c696dacf35430f72e0ec571c4275d2371fca3e9/rich-15.0.0.tar.gz", hash = "sha256:edd07a4824c6b40189fb7ac9bc4c52536e9780fbbfbddf6f1e2502c31b068c36", size = 230680, upload-time = "2026-04-12T08:24:00.75Z" }
wheels = [
    { url = "https://files.pythonhosted.org/packages/82/3b/64d4899d73f91ba49a8c18a8ff3f0ea8f1c1d75481760df8c68ef5235bf5/rich-15.0.0-py3-none-any.whl", hash = "sha256:33bd4ef74232fb73fe9279a257718407f169c09b78a87ad3d296f548e27de0bb", size = 310654, upload-time = "2026-04-12T08:24:02.83Z" },
]

[[package]]
name = "typing-extensions"
version = "4.16.0"
source = { registry = "https://pypi.org/simple" }
sdist = { url = "https://files.pythonhosted.org/packages/f6/cc/6253133b5bb138fc3306cebfbda2c520f545d36b5be2c7255cc528bb45d6/typing_extensions-4.16.0.tar.gz", hash = "sha256:dc983d19a509c94dba722ee6abd33940f7c05a89e243c47e907eb4db6f1a43e5", size = 113555, upload-time = "2026-07-02T08:40:05.92Z" }
wheels = [
    { url = "https://files.pythonhosted.org/packages/49/d3/b8441a820a491ddfc024b0b0cf0393375b75ea13866d9c66727e54c2fc80/typing_extensions-4.16.0-py3-none-any.whl", hash = "sha256:481caa481374e813c1b176ada14e97f1f67a4539ce9cfeb3f350d78d6370c2e8", size = 45571, upload-time = "2026-07-02T08:40:04.659Z" },
]
